
Microsoft Visual Studio Solution File, Format Version 12.00
# Visual Studio Version 17
VisualStudioVersion = 17.4.33205.214
MinimumVisualStudioVersion = 10.0.40219.1
Project("{FAE04EC0-301F-11D3-BF4B-00C04F79EFBC}") = "WebApplication27", "WebApplication27.csproj", "{52DEFAED-64D8-4A47-95A6-478A446C2FAE}"
EndProject
Global
	GlobalSection(SolutionConfigurationPlatforms) = preSolution
		Debug|Any CPU = Debug|Any CPU
		Release|Any CPU = Release|Any CPU
	EndGlobalSection
	GlobalSection(ProjectConfigurationPlatforms) = postSolution
		{52DEFAED-64D8-4A47-95A6-478A446C2FAE}.Debug|Any CPU.ActiveCfg = Debug|Any CPU
		{52DEFAED-64D8-4A47-95A6-478A446C2FAE}.Debug|Any CPU.Build.0 = Debug|Any CPU
		{52DEFAED-64D8-4A47-95A6-478A446C2FAE}.Release|Any CPU.ActiveCfg = Release|Any CPU
		{52DEFAED-64D8-4A47-95A6-478A446C2FAE}.Release|Any CPU.Build.0 = Release|Any CPU
	EndGlobalSection
	GlobalSection(SolutionProperties) = preSolution
		HideSolutionNode = FALSE
	EndGlobalSection
	GlobalSection(ExtensibilityGlobals) = postSolution
		SolutionGuid = {B169BF42-45DF-452B-B15D-57D83190CC54}
	EndGlobalSection
EndGlobal
